
Microsoft Visual Studio Solution File, Format Version 12.00
# Visual Studio 15
VisualStudioVersion = 15.0.27703.2047
MinimumVisualStudioVersion = 10.0.40219.1
Project("{E24C65DC-7377-472B-9ABA-BC803B73C61A}") = "FacilityScheduler", "FacilityScheduler\", "{154C1E2E-9D17-4D33-AD66-202A11316CCB}"
	ProjectSection(WebsiteProperties) = preProject
		TargetFrameworkMoniker = ".NETFramework,Version%3Dv4.6.1"
		Debug.AspNetCompiler.VirtualPath = "/localhost_53164"
		Debug.AspNetCompiler.PhysicalPath = "FacilityScheduler\"
		Debug.AspNetCompiler.TargetPath = "PrecompiledWeb\localhost_53164\"
		Debug.AspNetCompiler.Updateable = "true"
		Debug.AspNetCompiler.ForceOverwrite = "true"
		Debug.AspNetCompiler.FixedNames = "false"
		Debug.AspNetCompiler.Debug = "True"
		Release.AspNetCompiler.VirtualPath = "/localhost_53164"
		Release.AspNetCompiler.PhysicalPath = "FacilityScheduler\"
		Release.AspNetCompiler.TargetPath = "PrecompiledWeb\localhost_53164\"
		Release.AspNetCompiler.Updateable = "true"
		Release.AspNetCompiler.ForceOverwrite = "true"
		Release.AspNetCompiler.FixedNames = "false"
		Release.AspNetCompiler.Debug = "False"
		VWDPort = "53164"
		SlnRelativePath = "FacilityScheduler\"
		DefaultWebSiteLanguage = "Visual C#"
	EndProjectSection
EndProject
Global
	GlobalSection(SolutionConfigurationPlatforms) = preSolution
		Debug|Any CPU = Debug|Any CPU
	EndGlobalSection
	GlobalSection(ProjectConfigurationPlatforms) = postSolution
		{154C1E2E-9D17-4D33-AD66-202A11316CCB}.Debug|Any CPU.ActiveCfg = Debug|Any CPU
		{154C1E2E-9D17-4D33-AD66-202A11316CCB}.Debug|Any CPU.Build.0 = Debug|Any CPU
	EndGlobalSection
	GlobalSection(SolutionProperties) = preSolution
		HideSolutionNode = FALSE
	EndGlobalSection
	GlobalSection(ExtensibilityGlobals) = postSolution
		SolutionGuid = {77B3EDA6-AF97-475E-B843-DC1217BC1ECA}
	EndGlobalSection
EndGlobal
